{
  "lockfileVersion": 1,
  "workspaces": {
    "": {
      "name": "chesai-ui",
      "dependencies": {
        "@radix-ui/react-slot": "^1.2.3",
        "@tanstack/react-router": "^1.132.47",
        "lodash-es": "^4.17.21",
      },
      "devDependencies": {
        "@types/lodash-es": "^4.17.12",
      },
      "peerDependencies": {
        "react": "19.1.0",
        "react-dom": "19.1.0",
      },
    },
  },
  "packages": {
    "@radix-ui/react-compose-refs": ["@radix-ui/react-compose-refs@1.1.2", "", { "peerDependencies": { "@types/react": "*", "react": "^16.8 || ^17.0 || ^18.0 || ^19.0 || ^19.0.0-rc" }, "optionalPeers": ["@types/react"] }, "sha512-z4eqJvfiNnFMHIIvXP3CY57y2WJs5g2v3X0zm9mEJkrkNv4rDxu+sg9Jh8EkXyeqBkB7SOcboo9dMVqhyrACIg=="],

    "@radix-ui/react-slot": ["@radix-ui/react-slot@1.2.3", "", { "dependencies": { "@radix-ui/react-compose-refs": "1.1.2" }, "peerDependencies": { "@types/react": "*", "react": "^16.8 || ^17.0 || ^18.0 || ^19.0 || ^19.0.0-rc" }, "optionalPeers": ["@types/react"] }, "sha512-aeNmHnBxbi2St0au6VBVC7JXFlhLlOnvIIlePNniyUNAClzmtAUEY8/pBiK3iHjufOlwA+c20/8jngo7xcrg8A=="],

    "@tanstack/history": ["@tanstack/history@1.132.31", "", {}, "sha512-UCHM2uS0t/uSszqPEo+SBSSoQVeQ+LlOWAVBl5SA7+AedeAbKafIPjFn8huZCXNLAYb0WKV2+wETr7lDK9uz7g=="],

    "@tanstack/react-router": ["@tanstack/react-router@1.132.47", "", { "dependencies": { "@tanstack/history": "1.132.31", "@tanstack/react-store": "^0.7.0", "@tanstack/router-core": "1.132.47", "isbot": "^5.1.22", "tiny-invariant": "^1.3.3", "tiny-warning": "^1.0.3" }, "peerDependencies": { "react": ">=18.0.0 || >=19.0.0", "react-dom": ">=18.0.0 || >=19.0.0" } }, "sha512-mjCN1ueVLHBOK1gqLeacCrUPBZietMKTkr7xZlC32dCGn4e+83zMSlRTS2TrEl7+wEH+bqjnoyx8ALYTSiQ1Cg=="],

    "@tanstack/react-store": ["@tanstack/react-store@0.7.7", "", { "dependencies": { "@tanstack/store": "0.7.7", "use-sync-external-store": "^1.5.0" }, "peerDependencies": { "react": "^16.8.0 || ^17.0.0 || ^18.0.0 || ^19.0.0", "react-dom": "^16.8.0 || ^17.0.0 || ^18.0.0 || ^19.0.0" } }, "sha512-qqT0ufegFRDGSof9D/VqaZgjNgp4tRPHZIJq2+QIHkMUtHjaJ0lYrrXjeIUJvjnTbgPfSD1XgOMEt0lmANn6Zg=="],

    "@tanstack/router-core": ["@tanstack/router-core@1.132.47", "", { "dependencies": { "@tanstack/history": "1.132.31", "@tanstack/store": "^0.7.0", "cookie-es": "^2.0.0", "seroval": "^1.3.2", "seroval-plugins": "^1.3.2", "tiny-invariant": "^1.3.3", "tiny-warning": "^1.0.3" } }, "sha512-8YKFHmG6VUqXaWAJzEqjyW6w31dARS2USd2mtI5ZeZcihqMbskK28N4iotBXNn+sSKJnPRjc7A4jTnnEf8Mn8Q=="],

    "@tanstack/store": ["@tanstack/store@0.7.7", "", {}, "sha512-xa6pTan1bcaqYDS9BDpSiS63qa6EoDkPN9RsRaxHuDdVDNntzq3xNwR5YKTU/V3SkSyC9T4YVOPh2zRQN0nhIQ=="],

    "@types/lodash": ["@types/lodash@4.17.20", "", {}, "sha512-H3MHACvFUEiujabxhaI/ImO6gUrd8oOurg7LQtS7mbwIXA/cUqWrvBsaeJ23aZEPk1TAYkurjfMbSELfoCXlGA=="],

    "@types/lodash-es": ["@types/lodash-es@4.17.12", "", { "dependencies": { "@types/lodash": "*" } }, "sha512-0NgftHUcV4v34VhXm8QBSftKVXtbkBG3ViCjs6+eJ5a6y6Mi/jiFGPc1sC7QK+9BFhWrURE3EOggmWaSxL9OzQ=="],

    "cookie-es": ["cookie-es@2.0.0", "", {}, "sha512-RAj4E421UYRgqokKUmotqAwuplYw15qtdXfY+hGzgCJ/MBjCVZcSoHK/kH9kocfjRjcDME7IiDWR/1WX1TM2Pg=="],

    "isbot": ["isbot@5.1.31", "", {}, "sha512-DPgQshehErHAqSCKDb3rNW03pa2wS/v5evvUqtxt6TTnHRqAG8FdzcSSJs9656pK6Y+NT7K9R4acEYXLHYfpUQ=="],

    "lodash-es": ["lodash-es@4.17.21", "", {}, "sha512-mKnC+QJ9pWVzv+C4/U3rRsHapFfHvQFoFB92e52xeyGMcX6/OlIl78je1u8vePzYZSkkogMPJ2yjxxsb89cxyw=="],

    "react": ["react@19.1.0", "", {}, "sha512-FS+XFBNvn3GTAWq26joslQgWNoFu08F4kl0J4CgdNKADkdSGXQyTCnKteIAJy96Br6YbpEU1LSzV5dYtjMkMDg=="],

    "react-dom": ["react-dom@19.1.0", "", { "dependencies": { "scheduler": "^0.26.0" }, "peerDependencies": { "react": "^19.1.0" } }, "sha512-Xs1hdnE+DyKgeHJeJznQmYMIBG3TKIHJJT95Q58nHLSrElKlGQqDTR2HQ9fx5CN/Gk6Vh/kupBTDLU11/nDk/g=="],

    "scheduler": ["scheduler@0.26.0", "", {}, "sha512-NlHwttCI/l5gCPR3D1nNXtWABUmBwvZpEQiD4IXSbIDq8BzLIK/7Ir5gTFSGZDUu37K5cMNp0hFtzO38sC7gWA=="],

    "seroval": ["seroval@1.3.2", "", {}, "sha512-RbcPH1n5cfwKrru7v7+zrZvjLurgHhGyso3HTyGtRivGWgYjbOmGuivCQaORNELjNONoK35nj28EoWul9sb1zQ=="],

    "seroval-plugins": ["seroval-plugins@1.3.3", "", { "peerDependencies": { "seroval": "^1.0" } }, "sha512-16OL3NnUBw8JG1jBLUoZJsLnQq0n5Ua6aHalhJK4fMQkz1lqR7Osz1sA30trBtd9VUDc2NgkuRCn8+/pBwqZ+w=="],

    "tiny-invariant": ["tiny-invariant@1.3.3", "", {}, "sha512-+FbBPE1o9QAYvviau/qC5SE3caw21q3xkvWKBtja5vgqOWIHHJ3ioaq1VPfn/Szqctz2bU/oYeKd9/z5BL+PVg=="],

    "tiny-warning": ["tiny-warning@1.0.3", "", {}, "sha512-lBN9zLN/oAf68o3zNXYrdCt1kP8WsiGW8Oo2ka41b2IM5JL/S1CTyX1rW0mb/zSuJun0ZUrDxx4sqvYS2FWzPA=="],

    "use-sync-external-store": ["use-sync-external-store@1.5.0", "", { "peerDependencies": { "react": "^16.8.0 || ^17.0.0 || ^18.0.0 || ^19.0.0" } }, "sha512-Rb46I4cGGVBmjamjphe8L/UnvJD+uPPtTkNvX5mZgqdbavhI4EbgIWJiIHXJ8bc/i9EQGPRh4DwEURJ552Do0A=="],
  }
}
